lockfileVersion: '9.0'

settings:
  autoInstallPeers: true
  excludeLinksFromLockfile: false

importers:

  .:
    devDependencies:
      oxfmt:
        specifier: ^0.21.0
        version: 0.21.0

packages:

  '@oxfmt/darwin-arm64@0.21.0':
    resolution: {integrity: sha512-defgGcchFCq2F7f5Nr3E4VXYW1sUhBGmIejgcPZ1gSsc8FAeT+vP5cSeGnDv+kcX+OKFDt89C67c31qZ6yZBsQ==}
    cpu: [arm64]
    os: [darwin]

  '@oxfmt/darwin-x64@0.21.0':
    resolution: {integrity: sha512-rYJinOZRabPF2V3kn0TWX4vcYHV2F+DkGewNP8HZ/OXQ3CEJKP+E7KCnEz/x614g3/S5J7cahr9l5Mr3AEZigA==}
    cpu: [x64]
    os: [darwin]

  '@oxfmt/linux-arm64-gnu@0.21.0':
    resolution: {integrity: sha512-ILTv8stX3r2gK+pgSc2alJrbpI4i8zlLXzuuhUsjeEN/Ti//Z38MDi6kTov3pzcaBEnQ/xEMgQyczokp7jpyyQ==}
    cpu: [arm64]
    os: [linux]

  '@oxfmt/linux-arm64-musl@0.21.0':
    resolution: {integrity: sha512-kFZ0vPJzsGjkrwq2MPEpp8TjV7/Znv9kCEwLF+HcFwvfcSt75dWloGmTRRrViH0ACaCM7YBSDUOV8E4nyLvxPA==}
    cpu: [arm64]
    os: [linux]

  '@oxfmt/linux-x64-gnu@0.21.0':
    resolution: {integrity: sha512-VH8ZcS2TkTBE0v9cLxjNGX++vB9Xvx/7VTFrbwHYzY/fYypYTwQ+n1KplUQoU+LrMC0nKqwPWYzvA5/cAfo5zg==}
    cpu: [x64]
    os: [linux]

  '@oxfmt/linux-x64-musl@0.21.0':
    resolution: {integrity: sha512-qleaVEFHw/kmbvNj3hjobX1kwbP2/d7SVJzQjyEFULou1v3EZj7jWbblIu7GmDCSspdiEk1j/pZDYH801Dn8QA==}
    cpu: [x64]
    os: [linux]

  '@oxfmt/win32-arm64@0.21.0':
    resolution: {integrity: sha512-JLZUo5qEyJfxhoj6KEU/CqI8FQlzIP8rBq7qGTq0kCJ2yZJC9tysBqJYZXvX88ShiNe89/T/H3khodaKGBBNgg==}
    cpu: [arm64]
    os: [win32]

  '@oxfmt/win32-x64@0.21.0':
    resolution: {integrity: sha512-DYNpbuPzUhTuWUIqDhwSaV1mK+VcknD4ANaEON+/ygaNGriSZ4pRUt1BTRcXfcOF9GZ4BO9udjv31S0bAEsFeQ==}
    cpu: [x64]
    os: [win32]

  oxfmt@0.21.0:
    resolution: {integrity: sha512-EXK5pd1kGbI8hp9Ld69oy/ObAoe+gfH3dYHBviKqwSAHNkAHiqxWF1hnrWj5oun1GnQ8bVpqBMMVXJESMx6/+g==}
    engines: {node: ^20.19.0 || >=22.12.0}
    hasBin: true

  tinypool@2.0.0:
    resolution: {integrity: sha512-/RX9RzeH2xU5ADE7n2Ykvmi9ED3FBGPAjw9u3zucrNNaEBIO0HPSYgL0NT7+3p147ojeSdaVu08F6hjpv31HJg==}
    engines: {node: ^20.0.0 || >=22.0.0}

snapshots:

  '@oxfmt/darwin-arm64@0.21.0':
    optional: true

  '@oxfmt/darwin-x64@0.21.0':
    optional: true

  '@oxfmt/linux-arm64-gnu@0.21.0':
    optional: true

  '@oxfmt/linux-arm64-musl@0.21.0':
    optional: true

  '@oxfmt/linux-x64-gnu@0.21.0':
    optional: true

  '@oxfmt/linux-x64-musl@0.21.0':
    optional: true

  '@oxfmt/win32-arm64@0.21.0':
    optional: true

  '@oxfmt/win32-x64@0.21.0':
    optional: true

  oxfmt@0.21.0:
    dependencies:
      tinypool: 2.0.0
    optionalDependencies:
      '@oxfmt/darwin-arm64': 0.21.0
      '@oxfmt/darwin-x64': 0.21.0
      '@oxfmt/linux-arm64-gnu': 0.21.0
      '@oxfmt/linux-arm64-musl': 0.21.0
      '@oxfmt/linux-x64-gnu': 0.21.0
      '@oxfmt/linux-x64-musl': 0.21.0
      '@oxfmt/win32-arm64': 0.21.0
      '@oxfmt/win32-x64': 0.21.0

  tinypool@2.0.0: {}
